// !$*UTF8*$!
{
	archiveVersion = 1;
	classes = {
	};
	objectVersion = 48;
	objects = {

/* Begin PBXBuildFile section */
		857F03BB21F927B700A3E92E /* AppDelegate.swift in Sources */ = {isa = PBXBuildFile; fileRef = 857F03BA21F927B700A3E92E /* AppDelegate.swift */; };
		857F03BD21F927B700A3E92E /* ViewController.swift in Sources */ = {isa = PBXBuildFile; fileRef = 857F03BC21F927B700A3E92E /* ViewController.swift */; };
		857F03C021F927B700A3E92E /* Main.storyboard in Resources */ = {isa = PBXBuildFile; fileRef = 857F03BE21F927B700A3E92E /* Main.storyboard */; };
		857F03C221F927B700A3E92E /* Assets.xcassets in Resources */ = {isa = PBXBuildFile; fileRef = 857F03C121F927B700A3E92E /* Assets.xcassets */; };
		857F03C521F927B700A3E92E /* LaunchScreen.storyboard in Resources */ = {isa = PBXBuildFile; fileRef = 857F03C321F927B700A3E92E /* LaunchScreen.storyboard */; };
		857F03D021F927B700A3E92E /* TipsyTests.swift in Sources */ = {isa = PBXBuildFile; fileRef = 857F03CF21F927B700A3E92E /* TipsyTests.swift */; };
		857F03DB21F927B700A3E92E /* TipsyUITests.swift in Sources */ = {isa = PBXBuildFile; fileRef = 857F03DA21F927B700A3E92E /* TipsyUITests.swift */; };
/* End PBXBuildFile section */

/* Begin PBXContainerItemProxy section */
		857F03CC21F927B700A3E92E /* PBXContainerItemProxy */ = {
			isa = PBXContainerItemProxy;
			containerPortal = 857F03AF21F927B700A3E92E /* Project object */;
			proxyType = 1;
			remoteGlobalIDString = 857F03B621F927B700A3E92E;
			remoteInfo = Tipsy;
		};
		857F03D721F927B700A3E92E /* PBXContainerItemProxy */ = {
			isa = PBXContainerItemProxy;
			containerPortal = 857F03AF21F927B700A3E92E /* Project object */;
			proxyType = 1;
			remoteGlobalIDString = 857F03B621F927B700A3E92E;
			remoteInfo = Tipsy;
		};
/* End PBXContainerItemProxy section */

/* Begin PBXFileReference section */
		857F03B721F927B700A3E92E /* Tipsy.app */ = {isa = PBXFileReference; explicitFileType = wrapper.application; includeInIndex = 0; path = Tipsy.app; sourceTree = BUILT_PRODUCTS_DIR; };
		857F03BA21F927B700A3E92E /* AppDelegate.swift */ = {isa = PBXFileReference; lastKnownFileType = sourcecode.swift; path = AppDelegate.swift; sourceTree = "<group>"; };
		857F03BC21F927B700A3E92E /* ViewController.swift */ = {isa = PBXFileReference; lastKnownFileType = sourcecode.swift; path = ViewController.swift; sourceTree = "<group>"; };
		857F03BF21F927B700A3E92E /* Base */ = {isa = PBXFileReference; lastKnownFileType = file.storyboard; name = Base; path = Base.lproj/Main.storyboard; sourceTree = "<group>"; };
		857F03C121F927B700A3E92E /* Assets.xcassets */ = {isa = PBXFileReference; lastKnownFileType = folder.assetcatalog; path = Assets.xcassets; sourceTree = "<group>"; };
		857F03C421F927B700A3E92E /* Base */ = {isa = PBXFileReference; lastKnownFileType = file.storyboard; name = Base; path = Base.lproj/LaunchScreen.storyboard; sourceTree = "<group>"; };
		857F03C621F927B700A3E92E /* Info.plist */ = {isa = PBXFileReference; lastKnownFileType = text.plist.xml; path = Info.plist; sourceTree = "<group>"; };
		857F03CB21F927B700A3E92E /* TipsyTests.xctest */ = {isa = PBXFileReference; explicitFileType = wrapper.cfbundle; includeInIndex = 0; path = TipsyTests.xctest; sourceTree = BUILT_PRODUCTS_DIR; };
		857F03CF21F927B700A3E92E /* TipsyTests.swift */ = {isa = PBXFileReference; lastKnownFileType = sourcecode.swift; path = TipsyTests.swift; sourceTree = "<group>"; };
		857F03D121F927B700A3E92E /* Info.plist */ = {isa = PBXFileReference; lastKnownFileType = text.plist.xml; path = Info.plist; sourceTree = "<group>"; };
		857F03D621F927B700A3E92E /* TipsyUITests.xctest */ = {isa = PBXFileReference; explicitFileType = wrapper.cfbundle; includeInIndex = 0; path = TipsyUITests.xctest; sourceTree = BUILT_PRODUCTS_DIR; };
		857F03DA21F927B700A3E92E /* TipsyUITests.swift */ = {isa = PBXFileReference; lastKnownFileType = sourcecode.swift; path = TipsyUITests.swift; sourceTree = "<group>"; };
		857F03DC21F927B700A3E92E /* Info.plist */ = {isa = PBXFileReference; lastKnownFileType = text.plist.xml; path = Info.plist; sourceTree = "<group>"; };
/* End PBXFileReference section */

/* Begin PBXFrameworksBuildPhase section */
		857F03B421F927B700A3E92E /* Frameworks */ = {
			isa = PBXFrameworksBuildPhase;
			buildActionMask = 2147483647;
			files = (
			);
			runOnlyForDeploymentPostprocessing = 0;
		};
		857F03C821F927B700A3E92E /* Frameworks */ = {
			isa = PBXFrameworksBuildPhase;
			buildActionMask = 2147483647;
			files = (
			);
			runOnlyForDeploymentPostprocessing = 0;
		};
		857F03D321F927B700A3E92E /* Frameworks */ = {
			isa = PBXFrameworksBuildPhase;
			buildActionMask = 2147483647;
			files = (
			);
			runOnlyForDeploymentPostprocessing = 0;
		};
/* End PBXFrameworksBuildPhase section */

/* Begin PBXGroup section */
		857F03AE21F927B700A3E92E = {
			isa = PBXGroup;
			children = (
				857F03B921F927B700A3E92E /* Tipsy */,
				857F03CE21F927B700A3E92E /* TipsyTests */,
				857F03D921F927B700A3E92E /* TipsyUITests */,
				857F03B821F927B700A3E92E /* Products */,
			);
			sourceTree = "<group>";
		};
		857F03B821F927B700A3E92E /* Products */ = {
			isa = PBXGroup;
			children = (
				857F03B721F927B700A3E92E /* Tipsy.app */,
				857F03CB21F927B700A3E92E /* TipsyTests.xctest */,
				857F03D621F927B700A3E92E /* TipsyUITests.xctest */,
			);
			name = Products;
			sourceTree = "<group>";
		};
		857F03B921F927B700A3E92E /* Tipsy */ = {
			isa = PBXGroup;
			children = (
				857F03BA21F927B700A3E92E /* AppDelegate.swift */,
				857F03BC21F927B700A3E92E /* ViewController.swift */,
				857F03BE21F927B700A3E92E /* Main.storyboard */,
				857F03C121F927B700A3E92E /* Assets.xcassets */,
				857F03C321F927B700A3E92E /* LaunchScreen.storyboard */,
				857F03C621F927B700A3E92E /* Info.plist */,
			);
			path = Tipsy;
			sourceTree = "<group>";
		};
		857F03CE21F927B700A3E92E /* TipsyTests */ = {
			isa = PBXGroup;
			children = (
				857F03CF21F927B700A3E92E /* TipsyTests.swift */,
				857F03D121F927B700A3E92E /* Info.plist */,
			);
			path = TipsyTests;
			sourceTree = "<group>";
		};
		857F03D921F927B700A3E92E /* TipsyUITests */ = {
			isa = PBXGroup;
			children = (
				857F03DA21F927B700A3E92E /* TipsyUITests.swift */,
				857F03DC21F927B700A3E92E /* Info.plist */,
			);
			path = TipsyUITests;
			sourceTree = "<group>";
		};
/* End PBXGroup section */

/* Begin PBXNativeTarget section */
		857F03B621F927B700A3E92E /* Tipsy */ = {
			isa = PBXNativeTarget;
			buildConfigurationList = 857F03DF21F927B700A3E92E /* Build configuration list for PBXNativeTarget "Tipsy" */;
			buildPhases = (
				857F03B321F927B700A3E92E /* Sources */,
				857F03B421F927B700A3E92E /* Frameworks */,
				857F03B521F927B700A3E92E /* Resources */,
			);
			buildRules = (
			);
			dependencies = (
			);
			name = Tipsy;
			productName = Tipsy;
			productReference = 857F03B721F927B700A3E92E /* Tipsy.app */;
			productType = "com.apple.product-type.application";
		};
		857F03CA21F927B700A3E92E /* TipsyTests */ = {
			isa = PBXNativeTarget;
			buildConfigurationList = 857F03E221F927B700A3E92E /* Build configuration list for PBXNativeTarget "TipsyTests" */;
			buildPhases = (
				857F03C721F927B700A3E92E /* Sources */,
				857F03C821F927B700A3E92E /* Frameworks */,
				857F03C921F927B700A3E92E /* Resources */,
			);
			buildRules = (
			);
			dependencies = (
				857F03CD21F927B700A3E92E /* PBXTargetDependency */,
			);
			name = TipsyTests;
			productName = TipsyTests;
			productReference = 857F03CB21F927B700A3E92E /* TipsyTests.xctest */;
			productType = "com.apple.product-type.bundle.unit-test";
		};
		857F03D521F927B700A3E92E /* TipsyUITests */ = {
			isa = PBXNativeTarget;
			buildConfigurationList = 857F03E521F927B700A3E92E /* Build configuration list for PBXNativeTarget "TipsyUITests" */;
			buildPhases = (
				857F03D221F927B700A3E92E /* Sources */,
				857F03D321F927B700A3E92E /* Frameworks */,
				857F03D421F927B700A3E92E /* Resources */,
			);
			buildRules = (
			);
			dependencies = (
				857F03D821F927B700A3E92E /* PBXTargetDependency */,
			);
			name = TipsyUITests;
			productName = TipsyUITests;
			productReference = 857F03D621F927B700A3E92E /* TipsyUITests.xctest */;
			productType = "com.apple.product-type.bundle.ui-testing";
		};
/* End PBXNativeTarget section */

/* Begin PBXProject section */
		857F03AF21F927B700A3E92E /* Project object */ = {
			isa = PBXProject;
			attributes = {
				LastSwiftUpdateCheck = 0920;
				LastUpgradeCheck = 0920;
				ORGANIZATIONNAME = "Jared Long";
				TargetAttributes = {
					857F03B621F927B700A3E92E = {
						CreatedOnToolsVersion = 9.2;
						ProvisioningStyle = Automatic;
					};
					857F03CA21F927B700A3E92E = {
						CreatedOnToolsVersion = 9.2;
						ProvisioningStyle = Automatic;
						TestTargetID = 857F03B621F927B700A3E92E;
					};
					857F03D521F927B700A3E92E = {
						CreatedOnToolsVersion = 9.2;
						ProvisioningStyle = Automatic;
						TestTargetID = 857F03B621F927B700A3E92E;
					};
				};
			};
			buildConfigurationList = 857F03B221F927B700A3E92E /* Build configuration list for PBXProject "Tipsy" */;
			compatibilityVersion = "Xcode 8.0";
			developmentRegion = en;
			hasScannedForEncodings = 0;
			knownRegions = (
				en,
				Base,
			);
			mainGroup = 857F03AE21F927B700A3E92E;
			productRefGroup = 857F03B821F927B700A3E92E /* Products */;
			projectDirPath = "";
			projectRoot = "";
			targets = (
				857F03B621F927B700A3E92E /* Tipsy */,
				857F03CA21F927B700A3E92E /* TipsyTests */,
				857F03D521F927B700A3E92E /* TipsyUITests */,
			);
		};
/* End PBXProject section */

/* Begin PBXResourcesBuildPhase section */
		857F03B521F927B700A3E92E /* Resources */ = {
			isa = PBXResourcesBuildPhase;
			buildActionMask = 2147483647;
			files = (
				857F03C521F927B700A3E92E /* LaunchScreen.storyboard in Resources */,
				857F03C221F927B700A3E92E /* Assets.xcassets in Resources */,
				857F03C021F927B700A3E92E /* Main.storyboard in Resources */,
			);
			runOnlyForDeploymentPostprocessing = 0;
		};
		857F03C921F927B700A3E92E /* Resources */ = {
			isa = PBXResourcesBuildPhase;
			buildActionMask = 2147483647;
			files = (
			);
			runOnlyForDeploymentPostprocessing = 0;
		};
		857F03D421F927B700A3E92E /* Resources */ = {
			isa = PBXResourcesBuildPhase;
			buildActionMask = 2147483647;
			files = (
			);
			runOnlyForDeploymentPostprocessing = 0;
		};
/* End PBXResourcesBuildPhase section */

/* Begin PBXSourcesBuildPhase section */
		857F03B321F927B700A3E92E /* Sources */ = {
			isa = PBXSourcesBuildPhase;
			buildActionMask = 2147483647;
			files = (
				857F03BD21F927B700A3E92E /* ViewController.swift in Sources */,
				857F03BB21F927B700A3E92E /* AppDelegate.swift in Sources */,
			);
			runOnlyForDeploymentPostprocessing = 0;
		};
		857F03C721F927B700A3E92E /* Sources */ = {
			isa = PBXSourcesBuildPhase;
			buildActionMask = 2147483647;
			files = (
				857F03D021F927B700A3E92E /* TipsyTests.swift in Sources */,
			);
			runOnlyForDeploymentPostprocessing = 0;
		};
		857F03D221F927B700A3E92E /* Sources */ = {
			isa = PBXSourcesBuildPhase;
			buildActionMask = 2147483647;
			files = (
				857F03DB21F927B700A3E92E /* TipsyUITests.swift in Sources */,
			);
			runOnlyForDeploymentPostprocessing = 0;
		};
/* End PBXSourcesBuildPhase section */

/* Begin PBXTargetDependency section */
		857F03CD21F927B700A3E92E /* PBXTargetDependency */ = {
			isa = PBXTargetDependency;
			target = 857F03B621F927B700A3E92E /* Tipsy */;
			targetProxy = 857F03CC21F927B700A3E92E /* PBXContainerItemProxy */;
		};
		857F03D821F927B700A3E92E /* PBXTargetDependency */ = {
			isa = PBXTargetDependency;
			target = 857F03B621F927B700A3E92E /* Tipsy */;
			targetProxy = 857F03D721F927B700A3E92E /* PBXContainerItemProxy */;
		};
/* End PBXTargetDependency section */

/* Begin PBXVariantGroup section */
		857F03BE21F927B700A3E92E /* Main.storyboard */ = {
			isa = PBXVariantGroup;
			children = (
				857F03BF21F927B700A3E92E /* Base */,
			);
			name = Main.storyboard;
			sourceTree = "<group>";
		};
		857F03C321F927B700A3E92E /* LaunchScreen.storyboard */ = {
			isa = PBXVariantGroup;
			children = (
				857F03C421F927B700A3E92E /* Base */,
			);
			name = LaunchScreen.storyboard;
			sourceTree = "<group>";
		};
/* End PBXVariantGroup section */

/* Begin XCBuildConfiguration section */
		857F03DD21F927B700A3E92E /* Debug */ = {
			isa = XCBuildConfiguration;
			buildSettings = {
				ALWAYS_SEARCH_USER_PATHS = NO;
				CLANG_ANALYZER_NONNULL = YES;
				CLANG_ANALYZER_NUMBER_OBJECT_CONVERSION = YES_AGGRESSIVE;
				CLANG_CXX_LANGUAGE_STANDARD = "gnu++14";
				CLANG_CXX_LIBRARY = "libc++";
				CLANG_ENABLE_MODULES = YES;
				CLANG_ENABLE_OBJC_ARC = YES;
				CLANG_WARN_BLOCK_CAPTURE_AUTORELEASING = YES;
				CLANG_WARN_BOOL_CONVERSION = YES;
				CLANG_WARN_COMMA = YES;
				CLANG_WARN_CONSTANT_CONVERSION = YES;
				CLANG_WARN_DIRECT_OBJC_ISA_USAGE = YES_ERROR;
				CLANG_WARN_DOCUMENTATION_COMMENTS = YES;
				CLANG_WARN_EMPTY_BODY = YES;
				CLANG_WARN_ENUM_CONVERSION = YES;
				CLANG_WARN_INFINITE_RECURSION = YES;
				CLANG_WARN_INT_CONVERSION = YES;
				CLANG_WARN_NON_LITERAL_NULL_CONVERSION = YES;
				CLANG_WARN_OBJC_LITERAL_CONVERSION = YES;
				CLANG_WARN_OBJC_ROOT_CLASS = YES_ERROR;
				CLANG_WARN_RANGE_LOOP_ANALYSIS = YES;
				CLANG_WARN_STRICT_PROTOTYPES = YES;
				CLANG_WARN_SUSPICIOUS_MOVE = YES;
				CLANG_WARN_UNGUARDED_AVAILABILITY = YES_AGGRESSIVE;
				CLANG_WARN_UNREACHABLE_CODE = YES;
				CLANG_WARN__DUPLICATE_METHOD_MATCH = YES;
				CODE_SIGN_IDENTITY = "iPhone Developer";
				COPY_PHASE_STRIP = NO;
				DEBUG_INFORMATION_FORMAT = dwarf;
				ENABLE_STRICT_OBJC_MSGSEND = YES;
				ENABLE_TESTABILITY = YES;
				GCC_C_LANGUAGE_STANDARD = gnu11;
				GCC_DYNAMIC_NO_PIC = NO;
				GCC_NO_COMMON_BLOCKS = YES;
				GCC_OPTIMIZATION_LEVEL = 0;
				GCC_PREPROCESSOR_DEFINITIONS = (
					"DEBUG=1",
					"$(inherited)",
				);
				GCC_WARN_64_TO_32_BIT_CONVERSION = YES;
				GCC_WARN_ABOUT_RETURN_TYPE = YES_ERROR;
				GCC_WARN_UNDECLARED_SELECTOR = YES;
				GCC_WARN_UNINITIALIZED_AUTOS = YES_AGGRESSIVE;
				GCC_WARN_UNUSED_FUNCTION = YES;
				GCC_WARN_UNUSED_VARIABLE = YES;
				IPHONEOS_DEPLOYMENT_TARGET = 11.2;
				MTL_ENABLE_DEBUG_INFO = YES;
				ONLY_ACTIVE_ARCH = YES;
				SDKROOT = iphoneos;
				SWIFT_ACTIVE_COMPILATION_CONDITIONS = DEBUG;
				SWIFT_OPTIMIZATION_LEVEL = "-Onone";
			};
			name = Debug;
		};
		857F03DE21F927B700A3E92E /* Release */ = {
			isa = XCBuildConfiguration;
			buildSettings = {
				ALWAYS_SEARCH_USER_PATHS = NO;
				CLANG_ANALYZER_NONNULL = YES;
				CLANG_ANALYZER_NUMBER_OBJECT_CONVERSION = YES_AGGRESSIVE;
				CLANG_CXX_LANGUAGE_STANDARD = "gnu++14";
				CLANG_CXX_LIBRARY = "libc++";
				CLANG_ENABLE_MODULES = YES;
				CLANG_ENABLE_OBJC_ARC = YES;
				CLANG_WARN_BLOCK_CAPTURE_AUTORELEASING = YES;
				CLANG_WARN_BOOL_CONVERSION = YES;
				CLANG_WARN_COMMA = YES;
				CLANG_WARN_CONSTANT_CONVERSION = YES;
				CLANG_WARN_DIRECT_OBJC_ISA_USAGE = YES_ERROR;
				CLANG_WARN_DOCUMENTATION_COMMENTS = YES;
				CLANG_WARN_EMPTY_BODY = YES;
				CLANG_WARN_ENUM_CONVERSION = YES;
				CLANG_WARN_INFINITE_RECURSION = YES;
				CLANG_WARN_INT_CONVERSION = YES;
				CLANG_WARN_NON_LITERAL_NULL_CONVERSION = YES;
				CLANG_WARN_OBJC_LITERAL_CONVERSION = YES;
				CLANG_WARN_OBJC_ROOT_CLASS = YES_ERROR;
				CLANG_WARN_RANGE_LOOP_ANALYSIS = YES;
				CLANG_WARN_STRICT_PROTOTYPES = YES;
				CLANG_WARN_SUSPICIOUS_MOVE = YES;
				CLANG_WARN_UNGUARDED_AVAILABILITY = YES_AGGRESSIVE;
				CLANG_WARN_UNREACHABLE_CODE = YES;
				CLANG_WARN__DUPLICATE_METHOD_MATCH = YES;
				CODE_SIGN_IDENTITY = "iPhone Developer";
				COPY_PHASE_STRIP = NO;
				DEBUG_INFORMATION_FORMAT = "dwarf-with-dsym";
				ENABLE_NS_ASSERTIONS = NO;
				ENABLE_STRICT_OBJC_MSGSEND = YES;
				GCC_C_LANGUAGE_STANDARD = gnu11;
				GCC_NO_COMMON_BLOCKS = YES;
				GCC_WARN_64_TO_32_BIT_CONVERSION = YES;
				GCC_WARN_ABOUT_RETURN_TYPE = YES_ERROR;
				GCC_WARN_UNDECLARED_SELECTOR = YES;
				GCC_WARN_UNINITIALIZED_AUTOS = YES_AGGRESSIVE;
				GCC_WARN_UNUSED_FUNCTION = YES;
				GCC_WARN_UNUSED_VARIABLE = YES;
				IPHONEOS_DEPLOYMENT_TARGET = 11.2;
				MTL_ENABLE_DEBUG_INFO = NO;
				SDKROOT = iphoneos;
				SWIFT_OPTIMIZATION_LEVEL = "-Owholemodule";
				VALIDATE_PRODUCT = YES;
			};
			name = Release;
		};
		857F03E021F927B700A3E92E /* Debug */ = {
			isa = XCBuildConfiguration;
			buildSettings = {
				ASSETCATALOG_COMPILER_APPICON_NAME = AppIcon;
				CODE_SIGN_STYLE = Automatic;
				INFOPLIST_FILE = Tipsy/Info.plist;
				LD_RUNPATH_SEARCH_PATHS = "$(inherited) @executable_path/Frameworks";
				PRODUCT_BUNDLE_IDENTIFIER = com.jaredlong.Tipsy;
				PRODUCT_NAME = "$(TARGET_NAME)";
				SWIFT_VERSION = 4.0;
				TARGETED_DEVICE_FAMILY = "1,2";
			};
			name = Debug;
		};
		857F03E121F927B700A3E92E /* Release */ = {
			isa = XCBuildConfiguration;
			buildSettings = {
				ASSETCATALOG_COMPILER_APPICON_NAME = AppIcon;
				CODE_SIGN_STYLE = Automatic;
				INFOPLIST_FILE = Tipsy/Info.plist;
				LD_RUNPATH_SEARCH_PATHS = "$(inherited) @executable_path/Frameworks";
				PRODUCT_BUNDLE_IDENTIFIER = com.jaredlong.Tipsy;
				PRODUCT_NAME = "$(TARGET_NAME)";
				SWIFT_VERSION = 4.0;
				TARGETED_DEVICE_FAMILY = "1,2";
			};
			name = Release;
		};
		857F03E321F927B700A3E92E /* Debug */ = {
			isa = XCBuildConfiguration;
			buildSettings = {
				ALWAYS_EMBED_SWIFT_STANDARD_LIBRARIES = YES;
				BUNDLE_LOADER = "$(TEST_HOST)";
				CODE_SIGN_STYLE = Automatic;
				INFOPLIST_FILE = TipsyTests/Info.plist;
				LD_RUNPATH_SEARCH_PATHS = "$(inherited) @executable_path/Frameworks @loader_path/Frameworks";
				PRODUCT_BUNDLE_IDENTIFIER = com.jaredlong.TipsyTests;
				PRODUCT_NAME = "$(TARGET_NAME)";
				SWIFT_VERSION = 4.0;
				TARGETED_DEVICE_FAMILY = "1,2";
				TEST_HOST = "$(BUILT_PRODUCTS_DIR)/Tipsy.app/Tipsy";
			};
			name = Debug;
		};
		857F03E421F927B700A3E92E /* Release */ = {
			isa = XCBuildConfiguration;
			buildSettings = {
				ALWAYS_EMBED_SWIFT_STANDARD_LIBRARIES = YES;
				BUNDLE_LOADER = "$(TEST_HOST)";
				CODE_SIGN_STYLE = Automatic;
				INFOPLIST_FILE = TipsyTests/Info.plist;
				LD_RUNPATH_SEARCH_PATHS = "$(inherited) @executable_path/Frameworks @loader_path/Frameworks";
				PRODUCT_BUNDLE_IDENTIFIER = com.jaredlong.TipsyTests;
				PRODUCT_NAME = "$(TARGET_NAME)";
				SWIFT_VERSION = 4.0;
				TARGETED_DEVICE_FAMILY = "1,2";
				TEST_HOST = "$(BUILT_PRODUCTS_DIR)/Tipsy.app/Tipsy";
			};
			name = Release;
		};
		857F03E621F927B700A3E92E /* Debug */ = {
			isa = XCBuildConfiguration;
			buildSettings = {
				ALWAYS_EMBED_SWIFT_STANDARD_LIBRARIES = YES;
				CODE_SIGN_STYLE = Automatic;
				INFOPLIST_FILE = TipsyUITests/Info.plist;
				LD_RUNPATH_SEARCH_PATHS = "$(inherited) @executable_path/Frameworks @loader_path/Frameworks";
				PRODUCT_BUNDLE_IDENTIFIER = com.jaredlong.TipsyUITests;
				PRODUCT_NAME = "$(TARGET_NAME)";
				SWIFT_VERSION = 4.0;
				TARGETED_DEVICE_FAMILY = "1,2";
				TEST_TARGET_NAME = Tipsy;
			};
			name = Debug;
		};
		857F03E721F927B700A3E92E /* Release */ = {
			isa = XCBuildConfiguration;
			buildSettings = {
				ALWAYS_EMBED_SWIFT_STANDARD_LIBRARIES = YES;
				CODE_SIGN_STYLE = Automatic;
				INFOPLIST_FILE = TipsyUITests/Info.plist;
				LD_RUNPATH_SEARCH_PATHS = "$(inherited) @executable_path/Frameworks @loader_path/Frameworks";
				PRODUCT_BUNDLE_IDENTIFIER = com.jaredlong.TipsyUITests;
				PRODUCT_NAME = "$(TARGET_NAME)";
				SWIFT_VERSION = 4.0;
				TARGETED_DEVICE_FAMILY = "1,2";
				TEST_TARGET_NAME = Tipsy;
			};
			name = Release;
		};
/* End XCBuildConfiguration section */

/* Begin XCConfigurationList section */
		857F03B221F927B700A3E92E /* Build configuration list for PBXProject "Tipsy" */ = {
			isa = XCConfigurationList;
			buildConfigurations = (
				857F03DD21F927B700A3E92E /* Debug */,
				857F03DE21F927B700A3E92E /* Release */,
			);
			defaultConfigurationIsVisible = 0;
			defaultConfigurationName = Release;
		};
		857F03DF21F927B700A3E92E /* Build configuration list for PBXNativeTarget "Tipsy" */ = {
			isa = XCConfigurationList;
			buildConfigurations = (
				857F03E021F927B700A3E92E /* Debug */,
				857F03E121F927B700A3E92E /* Release */,
			);
			defaultConfigurationIsVisible = 0;
			defaultConfigurationName = Release;
		};
		857F03E221F927B700A3E92E /* Build configuration list for PBXNativeTarget "TipsyTests" */ = {
			isa = XCConfigurationList;
			buildConfigurations = (
				857F03E321F927B700A3E92E /* Debug */,
				857F03E421F927B700A3E92E /* Release */,
			);
			defaultConfigurationIsVisible = 0;
			defaultConfigurationName = Release;
		};
		857F03E521F927B700A3E92E /* Build configuration list for PBXNativeTarget "TipsyUITests" */ = {
			isa = XCConfigurationList;
			buildConfigurations = (
				857F03E621F927B700A3E92E /* Debug */,
				857F03E721F927B700A3E92E /* Release */,
			);
			defaultConfigurationIsVisible = 0;
			defaultConfigurationName = Release;
		};
/* End XCConfigurationList section */
	};
	rootObject = 857F03AF21F927B700A3E92E /* Project object */;
}
